
Microsoft Visual Studio Solution File, Format Version 12.00
# Visual Studio Version 17
VisualStudioVersion = 17.3.32922.545
MinimumVisualStudioVersion = 10.0.40219.1
Project("{FAE04EC0-301F-11D3-BF4B-00C04F79EFBC}") = "CsFormProject", "CsFormProject\CsFormProject.csproj", "{A5E72278-5933-4BFF-85A8-17ED9B7CD7A1}"
EndProject
Project("{54435603-DBB4-11D2-8724-00A0C9A8B90C}") = "Setup", "Setup\Setup.vdproj", "{BB1D9707-F7E8-4F0F-B157-BDC909C43FA0}"
EndProject
Global
	GlobalSection(SolutionConfigurationPlatforms) = preSolution
		Debug|Any CPU = Debug|Any CPU
		Release|Any CPU = Release|Any CPU
	EndGlobalSection
	GlobalSection(ProjectConfigurationPlatforms) = postSolution
		{A5E72278-5933-4BFF-85A8-17ED9B7CD7A1}.Debug|Any CPU.ActiveCfg = Debug|Any CPU
		{A5E72278-5933-4BFF-85A8-17ED9B7CD7A1}.Debug|Any CPU.Build.0 = Debug|Any CPU
		{A5E72278-5933-4BFF-85A8-17ED9B7CD7A1}.Release|Any CPU.ActiveCfg = Release|Any CPU
		{A5E72278-5933-4BFF-85A8-17ED9B7CD7A1}.Release|Any CPU.Build.0 = Release|Any CPU
		{BB1D9707-F7E8-4F0F-B157-BDC909C43FA0}.Debug|Any CPU.ActiveCfg = Debug
		{BB1D9707-F7E8-4F0F-B157-BDC909C43FA0}.Release|Any CPU.ActiveCfg = Release
	EndGlobalSection
	GlobalSection(SolutionProperties) = preSolution
		HideSolutionNode = FALSE
	EndGlobalSection
	GlobalSection(ExtensibilityGlobals) = postSolution
		SolutionGuid = {9D25C521-2EB8-450B-86FC-94DC44BC0CD1}
	EndGlobalSection
EndGlobal
